
Microsoft Visual Studio Solution File, Format Version 12.00
# Visual Studio Version 17
VisualStudioVersion = 17.10.34916.146
MinimumVisualStudioVersion = 10.0.40219.1
Project("{FAE04EC0-301F-11D3-BF4B-00C04F79EFBC}") = "AppMVC", "AppMVC\AppMVC.csproj", "{D2B5A645-1CBD-4432-841F-45F57E61EDBF}"
EndProject
Global
	GlobalSection(SolutionConfigurationPlatforms) = preSolution
		Debug|Any CPU = Debug|Any CPU
		Release|Any CPU = Release|Any CPU
	EndGlobalSection
	GlobalSection(ProjectConfigurationPlatforms) = postSolution
		{D2B5A645-1CBD-4432-841F-45F57E61EDBF}.Debug|Any CPU.ActiveCfg = Debug|Any CPU
		{D2B5A645-1CBD-4432-841F-45F57E61EDBF}.Debug|Any CPU.Build.0 = Debug|Any CPU
		{D2B5A645-1CBD-4432-841F-45F57E61EDBF}.Release|Any CPU.ActiveCfg = Release|Any CPU
		{D2B5A645-1CBD-4432-841F-45F57E61EDBF}.Release|Any CPU.Build.0 = Release|Any CPU
	EndGlobalSection
	GlobalSection(SolutionProperties) = preSolution
		HideSolutionNode = FALSE
	EndGlobalSection
	GlobalSection(ExtensibilityGlobals) = postSolution
		SolutionGuid = {1404BBC7-0ECC-4F18-BCCC-3FB7EA76A228}
	EndGlobalSection
EndGlobal
